// !$*UTF8*$!
{
	archiveVersion = 1;
	classes = {
	};
	objectVersion = 46;
	objects = {

/* Begin PBXBuildFile section */
		53F21EEE1C87EA5900163802 /* DraggableImageView.xib in Resources */ = {isa = PBXBuildFile; fileRef = 53F21EED1C87EA5900163802 /* DraggableImageView.xib */; };
		53F21EF01C87EA7100163802 /* DraggableImageView.swift in Sources */ = {isa = PBXBuildFile; fileRef = 53F21EEF1C87EA7100163802 /* DraggableImageView.swift */; };
		7AAAE4441C87E34A00E75FFE /* AppDelegate.swift in Sources */ = {isa = PBXBuildFile; fileRef = 7AAAE4431C87E34A00E75FFE /* AppDelegate.swift */; };
		7AAAE4461C87E34A00E75FFE /* CardsViewController.swift in Sources */ = {isa = PBXBuildFile; fileRef = 7AAAE4451C87E34A00E75FFE /* CardsViewController.swift */; };
		7AAAE4491C87E34B00E75FFE /* Main.storyboard in Resources */ = {isa = PBXBuildFile; fileRef = 7AAAE4471C87E34B00E75FFE /* Main.storyboard */; };
		7AAAE44C1C87E34B00E75FFE /* Tender.xcdatamodeld in Sources */ = {isa = PBXBuildFile; fileRef = 7AAAE44A1C87E34B00E75FFE /* Tender.xcdatamodeld */; };
		7AAAE44E1C87E34B00E75FFE /* Assets.xcassets in Resources */ = {isa = PBXBuildFile; fileRef = 7AAAE44D1C87E34B00E75FFE /* Assets.xcassets */; };
		7AAAE4511C87E34B00E75FFE /* LaunchScreen.storyboard in Resources */ = {isa = PBXBuildFile; fileRef = 7AAAE44F1C87E34B00E75FFE /* LaunchScreen.storyboard */; };
/* End PBXBuildFile section */

/* Begin PBXFileReference section */
		53F21EED1C87EA5900163802 /* DraggableImageView.xib */ = {isa = PBXFileReference; fileEncoding = 4; lastKnownFileType = file.xib; path = DraggableImageView.xib; sourceTree = "<group>"; };
		53F21EEF1C87EA7100163802 /* DraggableImageView.swift */ = {isa = PBXFileReference; fileEncoding = 4; lastKnownFileType = sourcecode.swift; path = DraggableImageView.swift; sourceTree = "<group>"; };
		7AAAE4401C87E34A00E75FFE /* Tender.app */ = {isa = PBXFileReference; explicitFileType = wrapper.application; includeInIndex = 0; path = Tender.app; sourceTree = BUILT_PRODUCTS_DIR; };
		7AAAE4431C87E34A00E75FFE /* AppDelegate.swift */ = {isa = PBXFileReference; lastKnownFileType = sourcecode.swift; path = AppDelegate.swift; sourceTree = "<group>"; };
		7AAAE4451C87E34A00E75FFE /* CardsViewController.swift */ = {isa = PBXFileReference; lastKnownFileType = sourcecode.swift; path = CardsViewController.swift; sourceTree = "<group>"; };
		7AAAE4481C87E34B00E75FFE /* Base */ = {isa = PBXFileReference; lastKnownFileType = file.storyboard; name = Base; path = Base.lproj/Main.storyboard; sourceTree = "<group>"; };
		7AAAE44B1C87E34B00E75FFE /* Tender.xcdatamodel */ = {isa = PBXFileReference; lastKnownFileType = wrapper.xcdatamodel; path = Tender.xcdatamodel; sourceTree = "<group>"; };
		7AAAE44D1C87E34B00E75FFE /* Assets.xcassets */ = {isa = PBXFileReference; lastKnownFileType = folder.assetcatalog; path = Assets.xcassets; sourceTree = "<group>"; };
		7AAAE4501C87E34B00E75FFE /* Base */ = {isa = PBXFileReference; lastKnownFileType = file.storyboard; name = Base; path = Base.lproj/LaunchScreen.storyboard; sourceTree = "<group>"; };
		7AAAE4521C87E34B00E75FFE /* Info.plist */ = {isa = PBXFileReference; lastKnownFileType = text.plist.xml; path = Info.plist; sourceTree = "<group>"; };
/* End PBXFileReference section */

/* Begin PBXFrameworksBuildPhase section */
		7AAAE43D1C87E34A00E75FFE /* Frameworks */ = {
			isa = PBXFrameworksBuildPhase;
			buildActionMask = 2147483647;
			files = (
			);
			runOnlyForDeploymentPostprocessing = 0;
		};
/* End PBXFrameworksBuildPhase section */

/* Begin PBXGroup section */
		7AAAE4371C87E34A00E75FFE = {
			isa = PBXGroup;
			children = (
				7AAAE4421C87E34A00E75FFE /* Tender */,
				7AAAE4411C87E34A00E75FFE /* Products */,
			);
			sourceTree = "<group>";
		};
		7AAAE4411C87E34A00E75FFE /* Products */ = {
			isa = PBXGroup;
			children = (
				7AAAE4401C87E34A00E75FFE /* Tender.app */,
			);
			name = Products;
			sourceTree = "<group>";
		};
		7AAAE4421C87E34A00E75FFE /* Tender */ = {
			isa = PBXGroup;
			children = (
				7AAAE4431C87E34A00E75FFE /* AppDelegate.swift */,
				7AAAE4451C87E34A00E75FFE /* CardsViewController.swift */,
				7AAAE4471C87E34B00E75FFE /* Main.storyboard */,
				7AAAE44D1C87E34B00E75FFE /* Assets.xcassets */,
				7AAAE44F1C87E34B00E75FFE /* LaunchScreen.storyboard */,
				7AAAE4521C87E34B00E75FFE /* Info.plist */,
				7AAAE44A1C87E34B00E75FFE /* Tender.xcdatamodeld */,
				53F21EED1C87EA5900163802 /* DraggableImageView.xib */,
				53F21EEF1C87EA7100163802 /* DraggableImageView.swift */,
			);
			path = Tender;
			sourceTree = "<group>";
		};
/* End PBXGroup section */

/* Begin PBXNativeTarget section */
		7AAAE43F1C87E34A00E75FFE /* Tender */ = {
			isa = PBXNativeTarget;
			buildConfigurationList = 7AAAE4551C87E34B00E75FFE /* Build configuration list for PBXNativeTarget "Tender" */;
			buildPhases = (
				7AAAE43C1C87E34A00E75FFE /* Sources */,
				7AAAE43D1C87E34A00E75FFE /* Frameworks */,
				7AAAE43E1C87E34A00E75FFE /* Resources */,
			);
			buildRules = (
			);
			dependencies = (
			);
			name = Tender;
			productName = Tender;
			productReference = 7AAAE4401C87E34A00E75FFE /* Tender.app */;
			productType = "com.apple.product-type.application";
		};
/* End PBXNativeTarget section */

/* Begin PBXProject section */
		7AAAE4381C87E34A00E75FFE /* Project object */ = {
			isa = PBXProject;
			attributes = {
				LastSwiftUpdateCheck = 0720;
				LastUpgradeCheck = 0720;
				TargetAttributes = {
					7AAAE43F1C87E34A00E75FFE = {
						CreatedOnToolsVersion = 7.2.1;
					};
				};
			};
			buildConfigurationList = 7AAAE43B1C87E34A00E75FFE /* Build configuration list for PBXProject "Tender" */;
			compatibilityVersion = "Xcode 3.2";
			developmentRegion = English;
			hasScannedForEncodings = 0;
			knownRegions = (
				en,
				Base,
			);
			mainGroup = 7AAAE4371C87E34A00E75FFE;
			productRefGroup = 7AAAE4411C87E34A00E75FFE /* Products */;
			projectDirPath = "";
			projectRoot = "";
			targets = (
				7AAAE43F1C87E34A00E75FFE /* Tender */,
			);
		};
/* End PBXProject section */

/* Begin PBXResourcesBuildPhase section */
		7AAAE43E1C87E34A00E75FFE /* Resources */ = {
			isa = PBXResourcesBuildPhase;
			buildActionMask = 2147483647;
			files = (
				7AAAE4511C87E34B00E75FFE /* LaunchScreen.storyboard in Resources */,
				7AAAE44E1C87E34B00E75FFE /* Assets.xcassets in Resources */,
				53F21EEE1C87EA5900163802 /* DraggableImageView.xib in Resources */,
				7AAAE4491C87E34B00E75FFE /* Main.storyboard in Resources */,
			);
			runOnlyForDeploymentPostprocessing = 0;
		};
/* End PBXResourcesBuildPhase section */

/* Begin PBXSourcesBuildPhase section */
		7AAAE43C1C87E34A00E75FFE /* Sources */ = {
			isa = PBXSourcesBuildPhase;
			buildActionMask = 2147483647;
			files = (
				7AAAE4461C87E34A00E75FFE /* CardsViewController.swift in Sources */,
				7AAAE44C1C87E34B00E75FFE /* Tender.xcdatamodeld in Sources */,
				53F21EF01C87EA7100163802 /* DraggableImageView.swift in Sources */,
				7AAAE4441C87E34A00E75FFE /* AppDelegate.swift in Sources */,
			);
			runOnlyForDeploymentPostprocessing = 0;
		};
/* End PBXSourcesBuildPhase section */

/* Begin PBXVariantGroup section */
		7AAAE4471C87E34B00E75FFE /* Main.storyboard */ = {
			isa = PBXVariantGroup;
			children = (
				7AAAE4481C87E34B00E75FFE /* Base */,
			);
			name = Main.storyboard;
			sourceTree = "<group>";
		};
		7AAAE44F1C87E34B00E75FFE /* LaunchScreen.storyboard */ = {
			isa = PBXVariantGroup;
			children = (
				7AAAE4501C87E34B00E75FFE /* Base */,
			);
			name = LaunchScreen.storyboard;
			sourceTree = "<group>";
		};
/* End PBXVariantGroup section */

/* Begin XCBuildConfiguration section */
		7AAAE4531C87E34B00E75FFE /* Debug */ = {
			isa = XCBuildConfiguration;
			buildSettings = {
				ALWAYS_SEARCH_USER_PATHS = NO;
				CLANG_CXX_LANGUAGE_STANDARD = "gnu++0x";
				CLANG_CXX_LIBRARY = "libc++";
				CLANG_ENABLE_MODULES = YES;
				CLANG_ENABLE_OBJC_ARC = YES;
				CLANG_WARN_BOOL_CONVERSION = YES;
				CLANG_WARN_CONSTANT_CONVERSION = YES;
				CLANG_WARN_DIRECT_OBJC_ISA_USAGE = YES_ERROR;
				CLANG_WARN_EMPTY_BODY = YES;
				CLANG_WARN_ENUM_CONVERSION = YES;
				CLANG_WARN_INT_CONVERSION = YES;
				CLANG_WARN_OBJC_ROOT_CLASS = YES_ERROR;
				CLANG_WARN_UNREACHABLE_CODE = YES;
				CLANG_WARN__DUPLICATE_METHOD_MATCH = YES;
				"CODE_SIGN_IDENTITY[sdk=iphoneos*]" = "iPhone Developer";
				COPY_PHASE_STRIP = NO;
				DEBUG_INFORMATION_FORMAT = dwarf;
				ENABLE_STRICT_OBJC_MSGSEND = YES;
				ENABLE_TESTABILITY = YES;
				GCC_C_LANGUAGE_STANDARD = gnu99;
				GCC_DYNAMIC_NO_PIC = NO;
				GCC_NO_COMMON_BLOCKS = YES;
				GCC_OPTIMIZATION_LEVEL = 0;
				GCC_PREPROCESSOR_DEFINITIONS = (
					"DEBUG=1",
					"$(inherited)",
				);
				GCC_WARN_64_TO_32_BIT_CONVERSION = YES;
				GCC_WARN_ABOUT_RETURN_TYPE = YES_ERROR;
				GCC_WARN_UNDECLARED_SELECTOR = YES;
				GCC_WARN_UNINITIALIZED_AUTOS = YES_AGGRESSIVE;
				GCC_WARN_UNUSED_FUNCTION = YES;
				GCC_WARN_UNUSED_VARIABLE = YES;
				IPHONEOS_DEPLOYMENT_TARGET = 9.2;
				MTL_ENABLE_DEBUG_INFO = YES;
				ONLY_ACTIVE_ARCH = YES;
				SDKROOT = iphoneos;
				SWIFT_OPTIMIZATION_LEVEL = "-Onone";
				TARGETED_DEVICE_FAMILY = "1,2";
			};
			name = Debug;
		};
		7AAAE4541C87E34B00E75FFE /* Release */ = {
			isa = XCBuildConfiguration;
			buildSettings = {
				ALWAYS_SEARCH_USER_PATHS = NO;
				CLANG_CXX_LANGUAGE_STANDARD = "gnu++0x";
				CLANG_CXX_LIBRARY = "libc++";
				CLANG_ENABLE_MODULES = YES;
				CLANG_ENABLE_OBJC_ARC = YES;
				CLANG_WARN_BOOL_CONVERSION = YES;
				CLANG_WARN_CONSTANT_CONVERSION = YES;
				CLANG_WARN_DIRECT_OBJC_ISA_USAGE = YES_ERROR;
				CLANG_WARN_EMPTY_BODY = YES;
				CLANG_WARN_ENUM_CONVERSION = YES;
				CLANG_WARN_INT_CONVERSION = YES;
				CLANG_WARN_OBJC_ROOT_CLASS = YES_ERROR;
				CLANG_WARN_UNREACHABLE_CODE = YES;
				CLANG_WARN__DUPLICATE_METHOD_MATCH = YES;
				"CODE_SIGN_IDENTITY[sdk=iphoneos*]" = "iPhone Developer";
				COPY_PHASE_STRIP = NO;
				DEBUG_INFORMATION_FORMAT = "dwarf-with-dsym";
				ENABLE_NS_ASSERTIONS = NO;
				ENABLE_STRICT_OBJC_MSGSEND = YES;
				GCC_C_LANGUAGE_STANDARD = gnu99;
				GCC_NO_COMMON_BLOCKS = YES;
				GCC_WARN_64_TO_32_BIT_CONVERSION = YES;
				GCC_WARN_ABOUT_RETURN_TYPE = YES_ERROR;
				GCC_WARN_UNDECLARED_SELECTOR = YES;
				GCC_WARN_UNINITIALIZED_AUTOS = YES_AGGRESSIVE;
				GCC_WARN_UNUSED_FUNCTION = YES;
				GCC_WARN_UNUSED_VARIABLE = YES;
				IPHONEOS_DEPLOYMENT_TARGET = 9.2;
				MTL_ENABLE_DEBUG_INFO = NO;
				SDKROOT = iphoneos;
				TARGETED_DEVICE_FAMILY = "1,2";
				VALIDATE_PRODUCT = YES;
			};
			name = Release;
		};
		7AAAE4561C87E34B00E75FFE /* Debug */ = {
			isa = XCBuildConfiguration;
			buildSettings = {
				ASSETCATALOG_COMPILER_APPICON_NAME = AppIcon;
				INFOPLIST_FILE = Tender/Info.plist;
				LD_RUNPATH_SEARCH_PATHS = "$(inherited) @executable_path/Frameworks";
				PRODUCT_BUNDLE_IDENTIFIER = CodePath.Tender;
				PRODUCT_NAME = "$(TARGET_NAME)";
			};
			name = Debug;
		};
		7AAAE4571C87E34B00E75FFE /* Release */ = {
			isa = XCBuildConfiguration;
			buildSettings = {
				ASSETCATALOG_COMPILER_APPICON_NAME = AppIcon;
				INFOPLIST_FILE = Tender/Info.plist;
				LD_RUNPATH_SEARCH_PATHS = "$(inherited) @executable_path/Frameworks";
				PRODUCT_BUNDLE_IDENTIFIER = CodePath.Tender;
				PRODUCT_NAME = "$(TARGET_NAME)";
			};
			name = Release;
		};
/* End XCBuildConfiguration section */

/* Begin XCConfigurationList section */
		7AAAE43B1C87E34A00E75FFE /* Build configuration list for PBXProject "Tender" */ = {
			isa = XCConfigurationList;
			buildConfigurations = (
				7AAAE4531C87E34B00E75FFE /* Debug */,
				7AAAE4541C87E34B00E75FFE /* Release */,
			);
			defaultConfigurationIsVisible = 0;
			defaultConfigurationName = Release;
		};
		7AAAE4551C87E34B00E75FFE /* Build configuration list for PBXNativeTarget "Tender" */ = {
			isa = XCConfigurationList;
			buildConfigurations = (
				7AAAE4561C87E34B00E75FFE /* Debug */,
				7AAAE4571C87E34B00E75FFE /* Release */,
			);
			defaultConfigurationIsVisible = 0;
			defaultConfigurationName = Release;
		};
/* End XCConfigurationList section */

/* Begin XCVersionGroup section */
		7AAAE44A1C87E34B00E75FFE /* Tender.xcdatamodeld */ = {
			isa = XCVersionGroup;
			children = (
				7AAAE44B1C87E34B00E75FFE /* Tender.xcdatamodel */,
			);
			currentVersion = 7AAAE44B1C87E34B00E75FFE /* Tender.xcdatamodel */;
			path = Tender.xcdatamodeld;
			sourceTree = "<group>";
			versionGroupType = wrapper.xcdatamodel;
		};
/* End XCVersionGroup section */
	};
	rootObject = 7AAAE4381C87E34A00E75FFE /* Project object */;
}
